
Microsoft Visual Studio Solution File, Format Version 12.00
# Visual Studio Version 17
VisualStudioVersion = 17.4.33205.214
MinimumVisualStudioVersion = 10.0.40219.1
Project("{FAE04EC0-301F-11D3-BF4B-00C04F79EFBC}") = "Final", "Final\Final.csproj", "{6584A382-AFEF-459E-B628-13E69B4082BB}"
EndProject
Global
	GlobalSection(SolutionConfigurationPlatforms) = preSolution
		Debug|Any CPU = Debug|Any CPU
		Release|Any CPU = Release|Any CPU
	EndGlobalSection
	GlobalSection(ProjectConfigurationPlatforms) = postSolution
		{6584A382-AFEF-459E-B628-13E69B4082BB}.Debug|Any CPU.ActiveCfg = Debug|Any CPU
		{6584A382-AFEF-459E-B628-13E69B4082BB}.Debug|Any CPU.Build.0 = Debug|Any CPU
		{6584A382-AFEF-459E-B628-13E69B4082BB}.Release|Any CPU.ActiveCfg = Release|Any CPU
		{6584A382-AFEF-459E-B628-13E69B4082BB}.Release|Any CPU.Build.0 = Release|Any CPU
	EndGlobalSection
	GlobalSection(SolutionProperties) = preSolution
		HideSolutionNode = FALSE
	EndGlobalSection
	GlobalSection(ExtensibilityGlobals) = postSolution
		SolutionGuid = {BCBEE5A9-6B3B-45BB-B97B-6D8AD7BAB407}
	EndGlobalSection
EndGlobal
